// !$*UTF8*$!
{
	archiveVersion = 1;
	classes = {
	};
	objectVersion = 56;
	objects = {

/* Begin PBXBuildFile section */
		B63926232AE6AC1900A47D3D /* AppDelegate.swift in Sources */ = {isa = PBXBuildFile; fileRef = B63926222AE6AC1900A47D3D /* AppDelegate.swift */; };
		B63926252AE6AC1900A47D3D /* SceneDelegate.swift in Sources */ = {isa = PBXBuildFile; fileRef = B63926242AE6AC1900A47D3D /* SceneDelegate.swift */; };
		B63926272AE6AC1900A47D3D /* ViewController.swift in Sources */ = {isa = PBXBuildFile; fileRef = B63926262AE6AC1900A47D3D /* ViewController.swift */; };
		B639262A2AE6AC1900A47D3D /* Main.storyboard in Resources */ = {isa = PBXBuildFile; fileRef = B63926282AE6AC1900A47D3D /* Main.storyboard */; };
		B639262C2AE6AC1A00A47D3D /* Assets.xcassets in Resources */ = {isa = PBXBuildFile; fileRef = B639262B2AE6AC1A00A47D3D /* Assets.xcassets */; };
		B639262F2AE6AC1A00A47D3D /* LaunchScreen.storyboard in Resources */ = {isa = PBXBuildFile; fileRef = B639262D2AE6AC1A00A47D3D /* LaunchScreen.storyboard */; };
		B639263D2AE6AD1400A47D3D /* KeyboardViewController.swift in Sources */ = {isa = PBXBuildFile; fileRef = B639263C2AE6AD1400A47D3D /* KeyboardViewController.swift */; };
		B63926412AE6AD1400A47D3D /* Hodor.appex in Embed Foundation Extensions */ = {isa = PBXBuildFile; fileRef = B639263A2AE6AD1400A47D3D /* Hodor.appex */; settings = {ATTRIBUTES = (RemoveHeadersOnCopy, ); }; };
		B63926492AE6AFE500A47D3D /* hodor.jpg in Resources */ = {isa = PBXBuildFile; fileRef = B63926482AE6AFE500A47D3D /* hodor.jpg */; };
/* End PBXBuildFile section */

/* Begin PBXContainerItemProxy section */
		B639263F2AE6AD1400A47D3D /* PBXContainerItemProxy */ = {
			isa = PBXContainerItemProxy;
			containerPortal = B63926172AE6AC1900A47D3D /* Project object */;
			proxyType = 1;
			remoteGlobalIDString = B63926392AE6AD1400A47D3D;
			remoteInfo = Hodor;
		};
/* End PBXContainerItemProxy section */

/* Begin PBXCopyFilesBuildPhase section */
		B63926452AE6AD1400A47D3D /* Embed Foundation Extensions */ = {
			isa = PBXCopyFilesBuildPhase;
			buildActionMask = 2147483647;
			dstPath = "";
			dstSubfolderSpec = 13;
			files = (
				B63926412AE6AD1400A47D3D /* Hodor.appex in Embed Foundation Extensions */,
			);
			name = "Embed Foundation Extensions";
			runOnlyForDeploymentPostprocessing = 0;
		};
/* End PBXCopyFilesBuildPhase section */

/* Begin PBXFileReference section */
		B639261F2AE6AC1900A47D3D /* HodorKeyboard.app */ = {isa = PBXFileReference; explicitFileType = wrapper.application; includeInIndex = 0; path = HodorKeyboard.app; sourceTree = BUILT_PRODUCTS_DIR; };
		B63926222AE6AC1900A47D3D /* AppDelegate.swift */ = {isa = PBXFileReference; lastKnownFileType = sourcecode.swift; path = AppDelegate.swift; sourceTree = "<group>"; };
		B63926242AE6AC1900A47D3D /* SceneDelegate.swift */ = {isa = PBXFileReference; lastKnownFileType = sourcecode.swift; path = SceneDelegate.swift; sourceTree = "<group>"; };
		B63926262AE6AC1900A47D3D /* ViewController.swift */ = {isa = PBXFileReference; lastKnownFileType = sourcecode.swift; path = ViewController.swift; sourceTree = "<group>"; };
		B63926292AE6AC1900A47D3D /* Base */ = {isa = PBXFileReference; lastKnownFileType = file.storyboard; name = Base; path = Base.lproj/Main.storyboard; sourceTree = "<group>"; };
		B639262B2AE6AC1A00A47D3D /* Assets.xcassets */ = {isa = PBXFileReference; lastKnownFileType = folder.assetcatalog; path = Assets.xcassets; sourceTree = "<group>"; };
		B639262E2AE6AC1A00A47D3D /* Base */ = {isa = PBXFileReference; lastKnownFileType = file.storyboard; name = Base; path = Base.lproj/LaunchScreen.storyboard; sourceTree = "<group>"; };
		B63926302AE6AC1A00A47D3D /* Info.plist */ = {isa = PBXFileReference; lastKnownFileType = text.plist.xml; path = Info.plist; sourceTree = "<group>"; };
		B639263A2AE6AD1400A47D3D /* Hodor.appex */ = {isa = PBXFileReference; explicitFileType = "wrapper.app-extension"; includeInIndex = 0; path = Hodor.appex; sourceTree = BUILT_PRODUCTS_DIR; };
		B639263C2AE6AD1400A47D3D /* KeyboardViewController.swift */ = {isa = PBXFileReference; lastKnownFileType = sourcecode.swift; path = KeyboardViewController.swift; sourceTree = "<group>"; };
		B639263E2AE6AD1400A47D3D /* Info.plist */ = {isa = PBXFileReference; lastKnownFileType = text.plist.xml; path = Info.plist; sourceTree = "<group>"; };
		B63926482AE6AFE500A47D3D /* hodor.jpg */ = {isa = PBXFileReference; lastKnownFileType = image.jpeg; name = hodor.jpg; path = ../../../hodor.jpg; sourceTree = "<group>"; };
/* End PBXFileReference section */

/* Begin PBXFrameworksBuildPhase section */
		B639261C2AE6AC1900A47D3D /* Frameworks */ = {
			isa = PBXFrameworksBuildPhase;
			buildActionMask = 2147483647;
			files = (
			);
			runOnlyForDeploymentPostprocessing = 0;
		};
		B63926372AE6AD1400A47D3D /* Frameworks */ = {
			isa = PBXFrameworksBuildPhase;
			buildActionMask = 2147483647;
			files = (
			);
			runOnlyForDeploymentPostprocessing = 0;
		};
/* End PBXFrameworksBuildPhase section */

/* Begin PBXGroup section */
		B63926162AE6AC1900A47D3D = {
			isa = PBXGroup;
			children = (
				B63926212AE6AC1900A47D3D /* HodorKeyboard */,
				B639263B2AE6AD1400A47D3D /* Hodor */,
				B63926202AE6AC1900A47D3D /* Products */,
			);
			sourceTree = "<group>";
		};
		B63926202AE6AC1900A47D3D /* Products */ = {
			isa = PBXGroup;
			children = (
				B639261F2AE6AC1900A47D3D /* HodorKeyboard.app */,
				B639263A2AE6AD1400A47D3D /* Hodor.appex */,
			);
			name = Products;
			sourceTree = "<group>";
		};
		B63926212AE6AC1900A47D3D /* HodorKeyboard */ = {
			isa = PBXGroup;
			children = (
				B63926222AE6AC1900A47D3D /* AppDelegate.swift */,
				B63926242AE6AC1900A47D3D /* SceneDelegate.swift */,
				B63926262AE6AC1900A47D3D /* ViewController.swift */,
				B63926282AE6AC1900A47D3D /* Main.storyboard */,
				B639262B2AE6AC1A00A47D3D /* Assets.xcassets */,
				B639262D2AE6AC1A00A47D3D /* LaunchScreen.storyboard */,
				B63926302AE6AC1A00A47D3D /* Info.plist */,
			);
			path = HodorKeyboard;
			sourceTree = "<group>";
		};
		B639263B2AE6AD1400A47D3D /* Hodor */ = {
			isa = PBXGroup;
			children = (
				B63926482AE6AFE500A47D3D /* hodor.jpg */,
				B639263C2AE6AD1400A47D3D /* KeyboardViewController.swift */,
				B639263E2AE6AD1400A47D3D /* Info.plist */,
			);
			path = Hodor;
			sourceTree = "<group>";
		};
/* End PBXGroup section */

/* Begin PBXNativeTarget section */
		B639261E2AE6AC1900A47D3D /* HodorKeyboard */ = {
			isa = PBXNativeTarget;
			buildConfigurationList = B63926332AE6AC1A00A47D3D /* Build configuration list for PBXNativeTarget "HodorKeyboard" */;
			buildPhases = (
				B639261B2AE6AC1900A47D3D /* Sources */,
				B639261C2AE6AC1900A47D3D /* Frameworks */,
				B639261D2AE6AC1900A47D3D /* Resources */,
				B63926452AE6AD1400A47D3D /* Embed Foundation Extensions */,
			);
			buildRules = (
			);
			dependencies = (
				B63926402AE6AD1400A47D3D /* PBXTargetDependency */,
			);
			name = HodorKeyboard;
			productName = HodorKeyboard;
			productReference = B639261F2AE6AC1900A47D3D /* HodorKeyboard.app */;
			productType = "com.apple.product-type.application";
		};
		B63926392AE6AD1400A47D3D /* Hodor */ = {
			isa = PBXNativeTarget;
			buildConfigurationList = B63926422AE6AD1400A47D3D /* Build configuration list for PBXNativeTarget "Hodor" */;
			buildPhases = (
				B63926362AE6AD1400A47D3D /* Sources */,
				B63926372AE6AD1400A47D3D /* Frameworks */,
				B63926382AE6AD1400A47D3D /* Resources */,
			);
			buildRules = (
			);
			dependencies = (
			);
			name = Hodor;
			productName = Hodor;
			productReference = B639263A2AE6AD1400A47D3D /* Hodor.appex */;
			productType = "com.apple.product-type.app-extension";
		};
/* End PBXNativeTarget section */

/* Begin PBXProject section */
		B63926172AE6AC1900A47D3D /* Project object */ = {
			isa = PBXProject;
			attributes = {
				BuildIndependentTargetsInParallel = 1;
				LastSwiftUpdateCheck = 1430;
				LastUpgradeCheck = 1430;
				TargetAttributes = {
					B639261E2AE6AC1900A47D3D = {
						CreatedOnToolsVersion = 14.3.1;
					};
					B63926392AE6AD1400A47D3D = {
						CreatedOnToolsVersion = 14.3.1;
					};
				};
			};
			buildConfigurationList = B639261A2AE6AC1900A47D3D /* Build configuration list for PBXProject "HodorKeyboard" */;
			compatibilityVersion = "Xcode 14.0";
			developmentRegion = en;
			hasScannedForEncodings = 0;
			knownRegions = (
				en,
				Base,
			);
			mainGroup = B63926162AE6AC1900A47D3D;
			productRefGroup = B63926202AE6AC1900A47D3D /* Products */;
			projectDirPath = "";
			projectRoot = "";
			targets = (
				B639261E2AE6AC1900A47D3D /* HodorKeyboard */,
				B63926392AE6AD1400A47D3D /* Hodor */,
			);
		};
/* End PBXProject section */

/* Begin PBXResourcesBuildPhase section */
		B639261D2AE6AC1900A47D3D /* Resources */ = {
			isa = PBXResourcesBuildPhase;
			buildActionMask = 2147483647;
			files = (
				B639262F2AE6AC1A00A47D3D /* LaunchScreen.storyboard in Resources */,
				B639262C2AE6AC1A00A47D3D /* Assets.xcassets in Resources */,
				B639262A2AE6AC1900A47D3D /* Main.storyboard in Resources */,
			);
			runOnlyForDeploymentPostprocessing = 0;
		};
		B63926382AE6AD1400A47D3D /* Resources */ = {
			isa = PBXResourcesBuildPhase;
			buildActionMask = 2147483647;
			files = (
				B63926492AE6AFE500A47D3D /* hodor.jpg in Resources */,
			);
			runOnlyForDeploymentPostprocessing = 0;
		};
/* End PBXResourcesBuildPhase section */

/* Begin PBXSourcesBuildPhase section */
		B639261B2AE6AC1900A47D3D /* Sources */ = {
			isa = PBXSourcesBuildPhase;
			buildActionMask = 2147483647;
			files = (
				B63926272AE6AC1900A47D3D /* ViewController.swift in Sources */,
				B63926232AE6AC1900A47D3D /* AppDelegate.swift in Sources */,
				B63926252AE6AC1900A47D3D /* SceneDelegate.swift in Sources */,
			);
			runOnlyForDeploymentPostprocessing = 0;
		};
		B63926362AE6AD1400A47D3D /* Sources */ = {
			isa = PBXSourcesBuildPhase;
			buildActionMask = 2147483647;
			files = (
				B639263D2AE6AD1400A47D3D /* KeyboardViewController.swift in Sources */,
			);
			runOnlyForDeploymentPostprocessing = 0;
		};
/* End PBXSourcesBuildPhase section */

/* Begin PBXTargetDependency section */
		B63926402AE6AD1400A47D3D /* PBXTargetDependency */ = {
			isa = PBXTargetDependency;
			target = B63926392AE6AD1400A47D3D /* Hodor */;
			targetProxy = B639263F2AE6AD1400A47D3D /* PBXContainerItemProxy */;
		};
/* End PBXTargetDependency section */

/* Begin PBXVariantGroup section */
		B63926282AE6AC1900A47D3D /* Main.storyboard */ = {
			isa = PBXVariantGroup;
			children = (
				B63926292AE6AC1900A47D3D /* Base */,
			);
			name = Main.storyboard;
			sourceTree = "<group>";
		};
		B639262D2AE6AC1A00A47D3D /* LaunchScreen.storyboard */ = {
			isa = PBXVariantGroup;
			children = (
				B639262E2AE6AC1A00A47D3D /* Base */,
			);
			name = LaunchScreen.storyboard;
			sourceTree = "<group>";
		};
/* End PBXVariantGroup section */

/* Begin XCBuildConfiguration section */
		B63926312AE6AC1A00A47D3D /* Debug */ = {
			isa = XCBuildConfiguration;
			buildSettings = {
				ALWAYS_SEARCH_USER_PATHS = NO;
				CLANG_ANALYZER_NONNULL = YES;
				CLANG_ANALYZER_NUMBER_OBJECT_CONVERSION = YES_AGGRESSIVE;
				CLANG_CXX_LANGUAGE_STANDARD = "gnu++20";
				CLANG_ENABLE_MODULES = YES;
				CLANG_ENABLE_OBJC_ARC = YES;
				CLANG_ENABLE_OBJC_WEAK = YES;
				CLANG_WARN_BLOCK_CAPTURE_AUTORELEASING = YES;
				CLANG_WARN_BOOL_CONVERSION = YES;
				CLANG_WARN_COMMA = YES;
				CLANG_WARN_CONSTANT_CONVERSION = YES;
				CLANG_WARN_DEPRECATED_OBJC_IMPLEMENTATIONS = YES;
				CLANG_WARN_DIRECT_OBJC_ISA_USAGE = YES_ERROR;
				CLANG_WARN_DOCUMENTATION_COMMENTS = YES;
				CLANG_WARN_EMPTY_BODY = YES;
				CLANG_WARN_ENUM_CONVERSION = YES;
				CLANG_WARN_INFINITE_RECURSION = YES;
				CLANG_WARN_INT_CONVERSION = YES;
				CLANG_WARN_NON_LITERAL_NULL_CONVERSION = YES;
				CLANG_WARN_OBJC_IMPLICIT_RETAIN_SELF = YES;
				CLANG_WARN_OBJC_LITERAL_CONVERSION = YES;
				CLANG_WARN_OBJC_ROOT_CLASS = YES_ERROR;
				CLANG_WARN_QUOTED_INCLUDE_IN_FRAMEWORK_HEADER = YES;
				CLANG_WARN_RANGE_LOOP_ANALYSIS = YES;
				CLANG_WARN_STRICT_PROTOTYPES = YES;
				CLANG_WARN_SUSPICIOUS_MOVE = YES;
				CLANG_WARN_UNGUARDED_AVAILABILITY = YES_AGGRESSIVE;
				CLANG_WARN_UNREACHABLE_CODE = YES;
				CLANG_WARN__DUPLICATE_METHOD_MATCH = YES;
				COPY_PHASE_STRIP = NO;
				DEBUG_INFORMATION_FORMAT = dwarf;
				ENABLE_STRICT_OBJC_MSGSEND = YES;
				ENABLE_TESTABILITY = YES;
				GCC_C_LANGUAGE_STANDARD = gnu11;
				GCC_DYNAMIC_NO_PIC = NO;
				GCC_NO_COMMON_BLOCKS = YES;
				GCC_OPTIMIZATION_LEVEL = 0;
				GCC_PREPROCESSOR_DEFINITIONS = (
					"DEBUG=1",
					"$(inherited)",
				);
				GCC_WARN_64_TO_32_BIT_CONVERSION = YES;
				GCC_WARN_ABOUT_RETURN_TYPE = YES_ERROR;
				GCC_WARN_UNDECLARED_SELECTOR = YES;
				GCC_WARN_UNINITIALIZED_AUTOS = YES_AGGRESSIVE;
				GCC_WARN_UNUSED_FUNCTION = YES;
				GCC_WARN_UNUSED_VARIABLE = YES;
				IPHONEOS_DEPLOYMENT_TARGET = 16.4;
				MTL_ENABLE_DEBUG_INFO = INCLUDE_SOURCE;
				MTL_FAST_MATH = YES;
				ONLY_ACTIVE_ARCH = YES;
				SDKROOT = iphoneos;
				SWIFT_ACTIVE_COMPILATION_CONDITIONS = DEBUG;
				SWIFT_OPTIMIZATION_LEVEL = "-Onone";
			};
			name = Debug;
		};
		B63926322AE6AC1A00A47D3D /* Release */ = {
			isa = XCBuildConfiguration;
			buildSettings = {
				ALWAYS_SEARCH_USER_PATHS = NO;
				CLANG_ANALYZER_NONNULL = YES;
				CLANG_ANALYZER_NUMBER_OBJECT_CONVERSION = YES_AGGRESSIVE;
				CLANG_CXX_LANGUAGE_STANDARD = "gnu++20";
				CLANG_ENABLE_MODULES = YES;
				CLANG_ENABLE_OBJC_ARC = YES;
				CLANG_ENABLE_OBJC_WEAK = YES;
				CLANG_WARN_BLOCK_CAPTURE_AUTORELEASING = YES;
				CLANG_WARN_BOOL_CONVERSION = YES;
				CLANG_WARN_COMMA = YES;
				CLANG_WARN_CONSTANT_CONVERSION = YES;
				CLANG_WARN_DEPRECATED_OBJC_IMPLEMENTATIONS = YES;
				CLANG_WARN_DIRECT_OBJC_ISA_USAGE = YES_ERROR;
				CLANG_WARN_DOCUMENTATION_COMMENTS = YES;
				CLANG_WARN_EMPTY_BODY = YES;
				CLANG_WARN_ENUM_CONVERSION = YES;
				CLANG_WARN_INFINITE_RECURSION = YES;
				CLANG_WARN_INT_CONVERSION = YES;
				CLANG_WARN_NON_LITERAL_NULL_CONVERSION = YES;
				CLANG_WARN_OBJC_IMPLICIT_RETAIN_SELF = YES;
				CLANG_WARN_OBJC_LITERAL_CONVERSION = YES;
				CLANG_WARN_OBJC_ROOT_CLASS = YES_ERROR;
				CLANG_WARN_QUOTED_INCLUDE_IN_FRAMEWORK_HEADER = YES;
				CLANG_WARN_RANGE_LOOP_ANALYSIS = YES;
				CLANG_WARN_STRICT_PROTOTYPES = YES;
				CLANG_WARN_SUSPICIOUS_MOVE = YES;
				CLANG_WARN_UNGUARDED_AVAILABILITY = YES_AGGRESSIVE;
				CLANG_WARN_UNREACHABLE_CODE = YES;
				CLANG_WARN__DUPLICATE_METHOD_MATCH = YES;
				COPY_PHASE_STRIP = NO;
				DEBUG_INFORMATION_FORMAT = "dwarf-with-dsym";
				ENABLE_NS_ASSERTIONS = NO;
				ENABLE_STRICT_OBJC_MSGSEND = YES;
				GCC_C_LANGUAGE_STANDARD = gnu11;
				GCC_NO_COMMON_BLOCKS = YES;
				GCC_WARN_64_TO_32_BIT_CONVERSION = YES;
				GCC_WARN_ABOUT_RETURN_TYPE = YES_ERROR;
				GCC_WARN_UNDECLARED_SELECTOR = YES;
				GCC_WARN_UNINITIALIZED_AUTOS = YES_AGGRESSIVE;
				GCC_WARN_UNUSED_FUNCTION = YES;
				GCC_WARN_UNUSED_VARIABLE = YES;
				IPHONEOS_DEPLOYMENT_TARGET = 16.4;
				MTL_ENABLE_DEBUG_INFO = NO;
				MTL_FAST_MATH = YES;
				SDKROOT = iphoneos;
				SWIFT_COMPILATION_MODE = wholemodule;
				SWIFT_OPTIMIZATION_LEVEL = "-O";
				VALIDATE_PRODUCT = YES;
			};
			name = Release;
		};
		B63926342AE6AC1A00A47D3D /* Debug */ = {
			isa = XCBuildConfiguration;
			buildSettings = {
				ALWAYS_EMBED_SWIFT_STANDARD_LIBRARIES = YES;
				ASSETCATALOG_COMPILER_APPICON_NAME = AppIcon;
				ASSETCATALOG_COMPILER_GLOBAL_ACCENT_COLOR_NAME = AccentColor;
				CODE_SIGN_STYLE = Automatic;
				CURRENT_PROJECT_VERSION = 1;
				DEVELOPMENT_TEAM = 4S74JS2879;
				GENERATE_INFOPLIST_FILE = YES;
				INFOPLIST_FILE = HodorKeyboard/Info.plist;
				INFOPLIST_KEY_UIApplicationSupportsIndirectInputEvents = YES;
				INFOPLIST_KEY_UILaunchStoryboardName = LaunchScreen;
				INFOPLIST_KEY_UIMainStoryboardFile = Main;
				INFOPLIST_KEY_UISupportedInterfaceOrientations_iPad = "UIInterfaceOrientationPortrait UIInterfaceOrientationPortraitUpsideDown UIInterfaceOrientationLandscapeLeft UIInterfaceOrientationLandscapeRight";
				INFOPLIST_KEY_UISupportedInterfaceOrientations_iPhone = "UIInterfaceOrientationPortrait UIInterfaceOrientationLandscapeLeft UIInterfaceOrientationLandscapeRight";
				LD_RUNPATH_SEARCH_PATHS = (
					"$(inherited)",
					"@executable_path/Frameworks",
				);
				MARKETING_VERSION = 1.0;
				PRODUCT_BUNDLE_IDENTIFIER = com.selcukileri.HodorKeyboard;
				PRODUCT_NAME = "$(TARGET_NAME)";
				SWIFT_EMIT_LOC_STRINGS = YES;
				SWIFT_VERSION = 5.0;
				TARGETED_DEVICE_FAMILY = "1,2";
			};
			name = Debug;
		};
		B63926352AE6AC1A00A47D3D /* Release */ = {
			isa = XCBuildConfiguration;
			buildSettings = {
				ALWAYS_EMBED_SWIFT_STANDARD_LIBRARIES = YES;
				ASSETCATALOG_COMPILER_APPICON_NAME = AppIcon;
				ASSETCATALOG_COMPILER_GLOBAL_ACCENT_COLOR_NAME = AccentColor;
				CODE_SIGN_STYLE = Automatic;
				CURRENT_PROJECT_VERSION = 1;
				DEVELOPMENT_TEAM = 4S74JS2879;
				GENERATE_INFOPLIST_FILE = YES;
				INFOPLIST_FILE = HodorKeyboard/Info.plist;
				INFOPLIST_KEY_UIApplicationSupportsIndirectInputEvents = YES;
				INFOPLIST_KEY_UILaunchStoryboardName = LaunchScreen;
				INFOPLIST_KEY_UIMainStoryboardFile = Main;
				INFOPLIST_KEY_UISupportedInterfaceOrientations_iPad = "UIInterfaceOrientationPortrait UIInterfaceOrientationPortraitUpsideDown UIInterfaceOrientationLandscapeLeft UIInterfaceOrientationLandscapeRight";
				INFOPLIST_KEY_UISupportedInterfaceOrientations_iPhone = "UIInterfaceOrientationPortrait UIInterfaceOrientationLandscapeLeft UIInterfaceOrientationLandscapeRight";
				LD_RUNPATH_SEARCH_PATHS = (
					"$(inherited)",
					"@executable_path/Frameworks",
				);
				MARKETING_VERSION = 1.0;
				PRODUCT_BUNDLE_IDENTIFIER = com.selcukileri.HodorKeyboard;
				PRODUCT_NAME = "$(TARGET_NAME)";
				SWIFT_EMIT_LOC_STRINGS = YES;
				SWIFT_VERSION = 5.0;
				TARGETED_DEVICE_FAMILY = "1,2";
			};
			name = Release;
		};
		B63926432AE6AD1400A47D3D /* Debug */ = {
			isa = XCBuildConfiguration;
			buildSettings = {
				CODE_SIGN_STYLE = Automatic;
				CURRENT_PROJECT_VERSION = 1;
				DEVELOPMENT_TEAM = 4S74JS2879;
				GENERATE_INFOPLIST_FILE = YES;
				INFOPLIST_FILE = Hodor/Info.plist;
				INFOPLIST_KEY_CFBundleDisplayName = Hodor;
				INFOPLIST_KEY_NSHumanReadableCopyright = "";
				LD_RUNPATH_SEARCH_PATHS = (
					"$(inherited)",
					"@executable_path/Frameworks",
					"@executable_path/../../Frameworks",
				);
				MARKETING_VERSION = 1.0;
				PRODUCT_BUNDLE_IDENTIFIER = com.selcukileri.HodorKeyboard.Hodor;
				PRODUCT_NAME = "$(TARGET_NAME)";
				SKIP_INSTALL = YES;
				SWIFT_EMIT_LOC_STRINGS = YES;
				SWIFT_VERSION = 5.0;
				TARGETED_DEVICE_FAMILY = "1,2";
			};
			name = Debug;
		};
		B63926442AE6AD1400A47D3D /* Release */ = {
			isa = XCBuildConfiguration;
			buildSettings = {
				CODE_SIGN_STYLE = Automatic;
				CURRENT_PROJECT_VERSION = 1;
				DEVELOPMENT_TEAM = 4S74JS2879;
				GENERATE_INFOPLIST_FILE = YES;
				INFOPLIST_FILE = Hodor/Info.plist;
				INFOPLIST_KEY_CFBundleDisplayName = Hodor;
				INFOPLIST_KEY_NSHumanReadableCopyright = "";
				LD_RUNPATH_SEARCH_PATHS = (
					"$(inherited)",
					"@executable_path/Frameworks",
					"@executable_path/../../Frameworks",
				);
				MARKETING_VERSION = 1.0;
				PRODUCT_BUNDLE_IDENTIFIER = com.selcukileri.HodorKeyboard.Hodor;
				PRODUCT_NAME = "$(TARGET_NAME)";
				SKIP_INSTALL = YES;
				SWIFT_EMIT_LOC_STRINGS = YES;
				SWIFT_VERSION = 5.0;
				TARGETED_DEVICE_FAMILY = "1,2";
			};
			name = Release;
		};
/* End XCBuildConfiguration section */

/* Begin XCConfigurationList section */
		B639261A2AE6AC1900A47D3D /* Build configuration list for PBXProject "HodorKeyboard" */ = {
			isa = XCConfigurationList;
			buildConfigurations = (
				B63926312AE6AC1A00A47D3D /* Debug */,
				B63926322AE6AC1A00A47D3D /* Release */,
			);
			defaultConfigurationIsVisible = 0;
			defaultConfigurationName = Release;
		};
		B63926332AE6AC1A00A47D3D /* Build configuration list for PBXNativeTarget "HodorKeyboard" */ = {
			isa = XCConfigurationList;
			buildConfigurations = (
				B63926342AE6AC1A00A47D3D /* Debug */,
				B63926352AE6AC1A00A47D3D /* Release */,
			);
			defaultConfigurationIsVisible = 0;
			defaultConfigurationName = Release;
		};
		B63926422AE6AD1400A47D3D /* Build configuration list for PBXNativeTarget "Hodor" */ = {
			isa = XCConfigurationList;
			buildConfigurations = (
				B63926432AE6AD1400A47D3D /* Debug */,
				B63926442AE6AD1400A47D3D /* Release */,
			);
			defaultConfigurationIsVisible = 0;
			defaultConfigurationName = Release;
		};
/* End XCConfigurationList section */
	};
	rootObject = B63926172AE6AC1900A47D3D /* Project object */;
}
